Microsoft Visual Studio Solution File, Format Version 12.00
# Visual Studio 15
Project("{8BC9CEB8-8B4A-11D0-8D11-00A0C91BC942}") = "ALL_BUILD", "ALL_BUILD.vcxproj", "{A0BD8958-3AF7-34D0-9371-A43951578A04}"
	ProjectSection(ProjectDependencies) = postProject
		{D67F0CB8-A5D2-3CC3-915F-2ACF9C778508} = {D67F0CB8-A5D2-3CC3-915F-2ACF9C778508}
		{44E2938D-FA68-3169-AE61-DF7959CD7F9D} = {44E2938D-FA68-3169-AE61-DF7959CD7F9D}
		{FB982A14-6508-3CF4-BD8E-DADA24530628} = {FB982A14-6508-3CF4-BD8E-DADA24530628}
		{B310EA71-6E51-331A-B9A7-15BD0DBC37C6} = {B310EA71-6E51-331A-B9A7-15BD0DBC37C6}
		{1BFD82DF-98C9-3B17-88B8-10253F8CC556} = {1BFD82DF-98C9-3B17-88B8-10253F8CC556}
		{9FDB7784-4C54-38CD-A77E-2C755297EE18} = {9FDB7784-4C54-38CD-A77E-2C755297EE18}
	EndProjectSection
EndProject
Project("{8BC9CEB8-8B4A-11D0-8D11-00A0C91BC942}") = "ZERO_CHECK", "ZERO_CHECK.vcxproj", "{D67F0CB8-A5D2-3CC3-915F-2ACF9C778508}"
	ProjectSection(ProjectDependencies) = postProject
	EndProjectSection
EndProject
Project("{8BC9CEB8-8B4A-11D0-8D11-00A0C91BC942}") = "formatter", "formatter.vcxproj", "{44E2938D-FA68-3169-AE61-DF7959CD7F9D}"
	ProjectSection(ProjectDependencies) = postProject
		{D67F0CB8-A5D2-3CC3-915F-2ACF9C778508} = {D67F0CB8-A5D2-3CC3-915F-2ACF9C778508}
	EndProjectSection
EndProject
Project("{8BC9CEB8-8B4A-11D0-8D11-00A0C91BC942}") = "formatter_ex", "formatter_ex.vcxproj", "{FB982A14-6508-3CF4-BD8E-DADA24530628}"
	ProjectSection(ProjectDependencies) = postProject
		{D67F0CB8-A5D2-3CC3-915F-2ACF9C778508} = {D67F0CB8-A5D2-3CC3-915F-2ACF9C778508}
		{44E2938D-FA68-3169-AE61-DF7959CD7F9D} = {44E2938D-FA68-3169-AE61-DF7959CD7F9D}
	EndProjectSection
EndProject
Project("{8BC9CEB8-8B4A-11D0-8D11-00A0C91BC942}") = "hello_world", "hello_world.vcxproj", "{B310EA71-6E51-331A-B9A7-15BD0DBC37C6}"
	ProjectSection(ProjectDependencies) = postProject
		{D67F0CB8-A5D2-3CC3-915F-2ACF9C778508} = {D67F0CB8-A5D2-3CC3-915F-2ACF9C778508}
		{44E2938D-FA68-3169-AE61-DF7959CD7F9D} = {44E2938D-FA68-3169-AE61-DF7959CD7F9D}
		{FB982A14-6508-3CF4-BD8E-DADA24530628} = {FB982A14-6508-3CF4-BD8E-DADA24530628}
	EndProjectSection
EndProject
Project("{8BC9CEB8-8B4A-11D0-8D11-00A0C91BC942}") = "solver", "solver.vcxproj", "{1BFD82DF-98C9-3B17-88B8-10253F8CC556}"
	ProjectSection(ProjectDependencies) = postProject
		{D67F0CB8-A5D2-3CC3-915F-2ACF9C778508} = {D67F0CB8-A5D2-3CC3-915F-2ACF9C778508}
		{44E2938D-FA68-3169-AE61-DF7959CD7F9D} = {44E2938D-FA68-3169-AE61-DF7959CD7F9D}
		{FB982A14-6508-3CF4-BD8E-DADA24530628} = {FB982A14-6508-3CF4-BD8E-DADA24530628}
		{9FDB7784-4C54-38CD-A77E-2C755297EE18} = {9FDB7784-4C54-38CD-A77E-2C755297EE18}
	EndProjectSection
EndProject
Project("{8BC9CEB8-8B4A-11D0-8D11-00A0C91BC942}") = "solver_lib", "solver_lib.vcxproj", "{9FDB7784-4C54-38CD-A77E-2C755297EE18}"
	ProjectSection(ProjectDependencies) = postProject
		{D67F0CB8-A5D2-3CC3-915F-2ACF9C778508} = {D67F0CB8-A5D2-3CC3-915F-2ACF9C778508}
	EndProjectSection
EndProject
Global
	GlobalSection(SolutionConfigurationPlatforms) = preSolution
		Debug|Win32 = Debug|Win32
		Release|Win32 = Release|Win32
		MinSizeRel|Win32 = MinSizeRel|Win32
		RelWithDebInfo|Win32 = RelWithDebInfo|Win32
	EndGlobalSection
	GlobalSection(ProjectConfigurationPlatforms) = postSolution
		{A0BD8958-3AF7-34D0-9371-A43951578A04}.Debug|Win32.ActiveCfg = Debug|Win32
		{A0BD8958-3AF7-34D0-9371-A43951578A04}.Release|Win32.ActiveCfg = Release|Win32
		{A0BD8958-3AF7-34D0-9371-A43951578A04}.MinSizeRel|Win32.ActiveCfg = MinSizeRel|Win32
		{A0BD8958-3AF7-34D0-9371-A43951578A04}.RelWithDebInfo|Win32.ActiveCfg = RelWithDebInfo|Win32
		{D67F0CB8-A5D2-3CC3-915F-2ACF9C778508}.Debug|Win32.ActiveCfg = Debug|Win32
		{D67F0CB8-A5D2-3CC3-915F-2ACF9C778508}.Debug|Win32.Build.0 = Debug|Win32
		{D67F0CB8-A5D2-3CC3-915F-2ACF9C778508}.Release|Win32.ActiveCfg = Release|Win32
		{D67F0CB8-A5D2-3CC3-915F-2ACF9C778508}.Release|Win32.Build.0 = Release|Win32
		{D67F0CB8-A5D2-3CC3-915F-2ACF9C778508}.MinSizeRel|Win32.ActiveCfg = MinSizeRel|Win32
		{D67F0CB8-A5D2-3CC3-915F-2ACF9C778508}.MinSizeRel|Win32.Build.0 = MinSizeRel|Win32
		{D67F0CB8-A5D2-3CC3-915F-2ACF9C778508}.RelWithDebInfo|Win32.ActiveCfg = RelWithDebInfo|Win32
		{D67F0CB8-A5D2-3CC3-915F-2ACF9C778508}.RelWithDebInfo|Win32.Build.0 = RelWithDebInfo|Win32
		{44E2938D-FA68-3169-AE61-DF7959CD7F9D}.Debug|Win32.ActiveCfg = Debug|Win32
		{44E2938D-FA68-3169-AE61-DF7959CD7F9D}.Debug|Win32.Build.0 = Debug|Win32
		{44E2938D-FA68-3169-AE61-DF7959CD7F9D}.Release|Win32.ActiveCfg = Release|Win32
		{44E2938D-FA68-3169-AE61-DF7959CD7F9D}.Release|Win32.Build.0 = Release|Win32
		{44E2938D-FA68-3169-AE61-DF7959CD7F9D}.MinSizeRel|Win32.ActiveCfg = MinSizeRel|Win32
		{44E2938D-FA68-3169-AE61-DF7959CD7F9D}.MinSizeRel|Win32.Build.0 = MinSizeRel|Win32
		{44E2938D-FA68-3169-AE61-DF7959CD7F9D}.RelWithDebInfo|Win32.ActiveCfg = RelWithDebInfo|Win32
		{44E2938D-FA68-3169-AE61-DF7959CD7F9D}.RelWithDebInfo|Win32.Build.0 = RelWithDebInfo|Win32
		{FB982A14-6508-3CF4-BD8E-DADA24530628}.Debug|Win32.ActiveCfg = Debug|Win32
		{FB982A14-6508-3CF4-BD8E-DADA24530628}.Debug|Win32.Build.0 = Debug|Win32
		{FB982A14-6508-3CF4-BD8E-DADA24530628}.Release|Win32.ActiveCfg = Release|Win32
		{FB982A14-6508-3CF4-BD8E-DADA24530628}.Release|Win32.Build.0 = Release|Win32
		{FB982A14-6508-3CF4-BD8E-DADA24530628}.MinSizeRel|Win32.ActiveCfg = MinSizeRel|Win32
		{FB982A14-6508-3CF4-BD8E-DADA24530628}.MinSizeRel|Win32.Build.0 = MinSizeRel|Win32
		{FB982A14-6508-3CF4-BD8E-DADA24530628}.RelWithDebInfo|Win32.ActiveCfg = RelWithDebInfo|Win32
		{FB982A14-6508-3CF4-BD8E-DADA24530628}.RelWithDebInfo|Win32.Build.0 = RelWithDebInfo|Win32
		{B310EA71-6E51-331A-B9A7-15BD0DBC37C6}.Debug|Win32.ActiveCfg = Debug|Win32
		{B310EA71-6E51-331A-B9A7-15BD0DBC37C6}.Debug|Win32.Build.0 = Debug|Win32
		{B310EA71-6E51-331A-B9A7-15BD0DBC37C6}.Release|Win32.ActiveCfg = Release|Win32
		{B310EA71-6E51-331A-B9A7-15BD0DBC37C6}.Release|Win32.Build.0 = Release|Win32
		{B310EA71-6E51-331A-B9A7-15BD0DBC37C6}.MinSizeRel|Win32.ActiveCfg = MinSizeRel|Win32
		{B310EA71-6E51-331A-B9A7-15BD0DBC37C6}.MinSizeRel|Win32.Build.0 = MinSizeRel|Win32
		{B310EA71-6E51-331A-B9A7-15BD0DBC37C6}.RelWithDebInfo|Win32.ActiveCfg = RelWithDebInfo|Win32
		{B310EA71-6E51-331A-B9A7-15BD0DBC37C6}.RelWithDebInfo|Win32.Build.0 = RelWithDebInfo|Win32
		{1BFD82DF-98C9-3B17-88B8-10253F8CC556}.Debug|Win32.ActiveCfg = Debug|Win32
		{1BFD82DF-98C9-3B17-88B8-10253F8CC556}.Debug|Win32.Build.0 = Debug|Win32
		{1BFD82DF-98C9-3B17-88B8-10253F8CC556}.Release|Win32.ActiveCfg = Release|Win32
		{1BFD82DF-98C9-3B17-88B8-10253F8CC556}.Release|Win32.Build.0 = Release|Win32
		{1BFD82DF-98C9-3B17-88B8-10253F8CC556}.MinSizeRel|Win32.ActiveCfg = MinSizeRel|Win32
		{1BFD82DF-98C9-3B17-88B8-10253F8CC556}.MinSizeRel|Win32.Build.0 = MinSizeRel|Win32
		{1BFD82DF-98C9-3B17-88B8-10253F8CC556}.RelWithDebInfo|Win32.ActiveCfg = RelWithDebInfo|Win32
		{1BFD82DF-98C9-3B17-88B8-10253F8CC556}.RelWithDebInfo|Win32.Build.0 = RelWithDebInfo|Win32
		{9FDB7784-4C54-38CD-A77E-2C755297EE18}.Debug|Win32.ActiveCfg = Debug|Win32
		{9FDB7784-4C54-38CD-A77E-2C755297EE18}.Debug|Win32.Build.0 = Debug|Win32
		{9FDB7784-4C54-38CD-A77E-2C755297EE18}.Release|Win32.ActiveCfg = Release|Win32
		{9FDB7784-4C54-38CD-A77E-2C755297EE18}.Release|Win32.Build.0 = Release|Win32
		{9FDB7784-4C54-38CD-A77E-2C755297EE18}.MinSizeRel|Win32.ActiveCfg = MinSizeRel|Win32
		{9FDB7784-4C54-38CD-A77E-2C755297EE18}.MinSizeRel|Win32.Build.0 = MinSizeRel|Win32
		{9FDB7784-4C54-38CD-A77E-2C755297EE18}.RelWithDebInfo|Win32.ActiveCfg = RelWithDebInfo|Win32
		{9FDB7784-4C54-38CD-A77E-2C755297EE18}.RelWithDebInfo|Win32.Build.0 = RelWithDebInfo|Win32
	EndGlobalSection
	GlobalSection(ExtensibilityGlobals) = postSolution
		SolutionGuid = {009B00C7-1035-3734-A4F8-6A61B181EF0E}
	EndGlobalSection
	GlobalSection(ExtensibilityAddIns) = postSolution
	EndGlobalSection
EndGlobal
